
Microsoft Visual Studio Solution File, Format Version 12.00
# Visual Studio Version 17
VisualStudioVersion = 17.6.33829.357
MinimumVisualStudioVersion = 10.0.40219.1
Project("{2150E333-8FDC-42A3-9474-1A3956D46DE8}") = "Core", "Core", "{19009A28-21DE-42C8-915B-AC1EA78BFB42}"
EndProject
Project("{2150E333-8FDC-42A3-9474-1A3956D46DE8}") = "Presentation", "Presentation", "{F1A47D22-11C1-4EE0-9088-DA26D534D6DC}"
EndProject
Project("{2150E333-8FDC-42A3-9474-1A3956D46DE8}") = "Domin", "Domin", "{BF172314-9B98-4393-8755-00BFF6A334B0}"
EndProject
Project("{2150E333-8FDC-42A3-9474-1A3956D46DE8}") = "Application", "Application", "{F82B9028-BE4C-4FC3-A8DF-97EBBCE773F4}"
EndProject
Project("{2150E333-8FDC-42A3-9474-1A3956D46DE8}") = "Services", "Services", "{7B97D030-1DB0-4EFC-8391-9C1CE51C097B}"
EndProject
Project("{2150E333-8FDC-42A3-9474-1A3956D46DE8}") = "API", "API", "{4CE0463A-E80F-4968-9272-FC4D0015C99F}"
EndProject
Project("{2150E333-8FDC-42A3-9474-1A3956D46DE8}") = "Client", "Client", "{7BB089AB-CCA7-49A8-BA64-156621EE3597}"
	ProjectSection(SolutionItems) = preProject
		WsdlClient\WsdlClient.csproj = WsdlClient\WsdlClient.csproj
	EndProjectSection
EndProject
Project("{9A19103F-16F7-4668-BE54-9A1E7A4F7556}") = "Secure.API", "Secure.API\Secure.API.csproj", "{8DD1DC5D-B3D8-4029-84D1-E7FCC124D03C}"
EndProject
Project("{9A19103F-16F7-4668-BE54-9A1E7A4F7556}") = "Secure.Application", "Secure.Application\Secure.Application.csproj", "{9D973266-4A6D-485C-A26D-77A7EE3D80AD}"
EndProject
Project("{9A19103F-16F7-4668-BE54-9A1E7A4F7556}") = "Secure.Domin", "Secure.Domin\Secure.Domin.csproj", "{38622740-E679-453E-8A4A-529E913B467D}"
EndProject
Project("{9A19103F-16F7-4668-BE54-9A1E7A4F7556}") = "Secure.Service", "Secure.Service\Secure.Service.csproj", "{498F1C03-3BE0-483F-8277-8A0114B4FC99}"
EndProject
Global
	GlobalSection(SolutionConfigurationPlatforms) = preSolution
		Debug|Any CPU = Debug|Any CPU
		Release|Any CPU = Release|Any CPU
	EndGlobalSection
	GlobalSection(ProjectConfigurationPlatforms) = postSolution
		{8DD1DC5D-B3D8-4029-84D1-E7FCC124D03C}.Debug|Any CPU.ActiveCfg = Debug|Any CPU
		{8DD1DC5D-B3D8-4029-84D1-E7FCC124D03C}.Debug|Any CPU.Build.0 = Debug|Any CPU
		{8DD1DC5D-B3D8-4029-84D1-E7FCC124D03C}.Release|Any CPU.ActiveCfg = Release|Any CPU
		{8DD1DC5D-B3D8-4029-84D1-E7FCC124D03C}.Release|Any CPU.Build.0 = Release|Any CPU
		{9D973266-4A6D-485C-A26D-77A7EE3D80AD}.Debug|Any CPU.ActiveCfg = Debug|Any CPU
		{9D973266-4A6D-485C-A26D-77A7EE3D80AD}.Debug|Any CPU.Build.0 = Debug|Any CPU
		{9D973266-4A6D-485C-A26D-77A7EE3D80AD}.Release|Any CPU.ActiveCfg = Release|Any CPU
		{9D973266-4A6D-485C-A26D-77A7EE3D80AD}.Release|Any CPU.Build.0 = Release|Any CPU
		{38622740-E679-453E-8A4A-529E913B467D}.Debug|Any CPU.ActiveCfg = Debug|Any CPU
		{38622740-E679-453E-8A4A-529E913B467D}.Debug|Any CPU.Build.0 = Debug|Any CPU
		{38622740-E679-453E-8A4A-529E913B467D}.Release|Any CPU.ActiveCfg = Release|Any CPU
		{38622740-E679-453E-8A4A-529E913B467D}.Release|Any CPU.Build.0 = Release|Any CPU
		{498F1C03-3BE0-483F-8277-8A0114B4FC99}.Debug|Any CPU.ActiveCfg = Debug|Any CPU
		{498F1C03-3BE0-483F-8277-8A0114B4FC99}.Debug|Any CPU.Build.0 = Debug|Any CPU
		{498F1C03-3BE0-483F-8277-8A0114B4FC99}.Release|Any CPU.ActiveCfg = Release|Any CPU
		{498F1C03-3BE0-483F-8277-8A0114B4FC99}.Release|Any CPU.Build.0 = Release|Any CPU
	EndGlobalSection
	GlobalSection(SolutionProperties) = preSolution
		HideSolutionNode = FALSE
	EndGlobalSection
	GlobalSection(NestedProjects) = preSolution
		{BF172314-9B98-4393-8755-00BFF6A334B0} = {19009A28-21DE-42C8-915B-AC1EA78BFB42}
		{F82B9028-BE4C-4FC3-A8DF-97EBBCE773F4} = {19009A28-21DE-42C8-915B-AC1EA78BFB42}
		{7B97D030-1DB0-4EFC-8391-9C1CE51C097B} = {19009A28-21DE-42C8-915B-AC1EA78BFB42}
		{4CE0463A-E80F-4968-9272-FC4D0015C99F} = {F1A47D22-11C1-4EE0-9088-DA26D534D6DC}
		{8DD1DC5D-B3D8-4029-84D1-E7FCC124D03C} = {4CE0463A-E80F-4968-9272-FC4D0015C99F}
		{9D973266-4A6D-485C-A26D-77A7EE3D80AD} = {F82B9028-BE4C-4FC3-A8DF-97EBBCE773F4}
		{38622740-E679-453E-8A4A-529E913B467D} = {BF172314-9B98-4393-8755-00BFF6A334B0}
		{498F1C03-3BE0-483F-8277-8A0114B4FC99} = {7B97D030-1DB0-4EFC-8391-9C1CE51C097B}
	EndGlobalSection
	GlobalSection(ExtensibilityGlobals) = postSolution
		SolutionGuid = {E44523CD-13FC-438D-B904-0881394A8868}
	EndGlobalSection
EndGlobal
